// !$*UTF8*$!
{
	archiveVersion = 1;
	classes = {
	};
	objectVersion = 50;
	objects = {

/* Begin PBXBuildFile section */
		A469279220E61A41004FC185 /* SMRDetailVC.m in Sources */ = {isa = PBXBuildFile; fileRef = A469279020E61A41004FC185 /* SMRDetailVC.m */; };
		A469279320E61A41004FC185 /* SMRDetailVC.xib in Resources */ = {isa = PBXBuildFile; fileRef = A469279120E61A41004FC185 /* SMRDetailVC.xib */; };
		A469279620E61EA1004FC185 /* collectionViewModel.m in Sources */ = {isa = PBXBuildFile; fileRef = A469279420E61EA0004FC185 /* collectionViewModel.m */; };
		A4E7139C20E4FFC700637706 /* AppDelegate.m in Sources */ = {isa = PBXBuildFile; fileRef = A4E7139B20E4FFC700637706 /* AppDelegate.m */; };
		A4E713A420E4FFC900637706 /* Assets.xcassets in Resources */ = {isa = PBXBuildFile; fileRef = A4E713A320E4FFC900637706 /* Assets.xcassets */; };
		A4E713A720E4FFC900637706 /* LaunchScreen.storyboard in Resources */ = {isa = PBXBuildFile; fileRef = A4E713A520E4FFC900637706 /* LaunchScreen.storyboard */; };
		A4E713AA20E4FFC900637706 /* main.m in Sources */ = {isa = PBXBuildFile; fileRef = A4E713A920E4FFC900637706 /* main.m */; };
		A4E713B420E4FFC900637706 /* TableViewCell_CollectionViewCellTests.m in Sources */ = {isa = PBXBuildFile; fileRef = A4E713B320E4FFC900637706 /* TableViewCell_CollectionViewCellTests.m */; };
		A4E713BF20E4FFC900637706 /* TableViewCell_CollectionViewCellUITests.m in Sources */ = {isa = PBXBuildFile; fileRef = A4E713BE20E4FFC900637706 /* TableViewCell_CollectionViewCellUITests.m */; };
		A4E713D120E5003000637706 /* SMRTableViewController.m in Sources */ = {isa = PBXBuildFile; fileRef = A4E713D020E5003000637706 /* SMRTableViewController.m */; };
		A4E713D620E500B300637706 /* SMRTableViewCell.m in Sources */ = {isa = PBXBuildFile; fileRef = A4E713D420E500B300637706 /* SMRTableViewCell.m */; };
		A4E713D720E500B300637706 /* SMRTableViewCell.xib in Resources */ = {isa = PBXBuildFile; fileRef = A4E713D520E500B300637706 /* SMRTableViewCell.xib */; };
		A4E713DB20E5069B00637706 /* SMRTableViewModel.m in Sources */ = {isa = PBXBuildFile; fileRef = A4E713DA20E5069B00637706 /* SMRTableViewModel.m */; };
		A4E713DE20E5073C00637706 /* SMRCollectionViewModel.m in Sources */ = {isa = PBXBuildFile; fileRef = A4E713DD20E5073C00637706 /* SMRCollectionViewModel.m */; };
		A4E713E320E5084800637706 /* SMRCollectionViewCell.m in Sources */ = {isa = PBXBuildFile; fileRef = A4E713E120E5084800637706 /* SMRCollectionViewCell.m */; };
		A4E713E420E5084800637706 /* SMRCollectionViewCell.xib in Resources */ = {isa = PBXBuildFile; fileRef = A4E713E220E5084800637706 /* SMRCollectionViewCell.xib */; };
/* End PBXBuildFile section */

/* Begin PBXContainerItemProxy section */
		A4E713B020E4FFC900637706 /* PBXContainerItemProxy */ = {
			isa = PBXContainerItemProxy;
			containerPortal = A4E7138F20E4FFC700637706 /* Project object */;
			proxyType = 1;
			remoteGlobalIDString = A4E7139620E4FFC700637706;
			remoteInfo = "TableViewCell&CollectionViewCell";
		};
		A4E713BB20E4FFC900637706 /* PBXContainerItemProxy */ = {
			isa = PBXContainerItemProxy;
			containerPortal = A4E7138F20E4FFC700637706 /* Project object */;
			proxyType = 1;
			remoteGlobalIDString = A4E7139620E4FFC700637706;
			remoteInfo = "TableViewCell&CollectionViewCell";
		};
/* End PBXContainerItemProxy section */

/* Begin PBXFileReference section */
		A469278F20E61A41004FC185 /* SMRDetailVC.h */ = {isa = PBXFileReference; lastKnownFileType = sourcecode.c.h; path = SMRDetailVC.h; sourceTree = "<group>"; };
		A469279020E61A41004FC185 /* SMRDetailVC.m */ = {isa = PBXFileReference; lastKnownFileType = sourcecode.c.objc; path = SMRDetailVC.m; sourceTree = "<group>"; };
		A469279120E61A41004FC185 /* SMRDetailVC.xib */ = {isa = PBXFileReference; lastKnownFileType = file.xib; path = SMRDetailVC.xib; sourceTree = "<group>"; };
		A469279420E61EA0004FC185 /* collectionViewModel.m */ = {isa = PBXFileReference; fileEncoding = 4; lastKnownFileType = sourcecode.c.objc; path = collectionViewModel.m; sourceTree = "<group>"; };
		A469279520E61EA1004FC185 /* collectionViewModel.h */ = {isa = PBXFileReference; fileEncoding = 4; lastKnownFileType = sourcecode.c.h; path = collectionViewModel.h; sourceTree = "<group>"; };
		A4E7139720E4FFC700637706 /* TableViewCell&CollectionViewCell.app */ = {isa = PBXFileReference; explicitFileType = wrapper.application; includeInIndex = 0; path = "TableViewCell&CollectionViewCell.app"; sourceTree = BUILT_PRODUCTS_DIR; };
		A4E7139A20E4FFC700637706 /* AppDelegate.h */ = {isa = PBXFileReference; lastKnownFileType = sourcecode.c.h; path = AppDelegate.h; sourceTree = "<group>"; };
		A4E7139B20E4FFC700637706 /* AppDelegate.m */ = {isa = PBXFileReference; lastKnownFileType = sourcecode.c.objc; path = AppDelegate.m; sourceTree = "<group>"; };
		A4E713A320E4FFC900637706 /* Assets.xcassets */ = {isa = PBXFileReference; lastKnownFileType = folder.assetcatalog; path = Assets.xcassets; sourceTree = "<group>"; };
		A4E713A620E4FFC900637706 /* Base */ = {isa = PBXFileReference; lastKnownFileType = file.storyboard; name = Base; path = Base.lproj/LaunchScreen.storyboard; sourceTree = "<group>"; };
		A4E713A820E4FFC900637706 /* Info.plist */ = {isa = PBXFileReference; lastKnownFileType = text.plist.xml; path = Info.plist; sourceTree = "<group>"; };
		A4E713A920E4FFC900637706 /* main.m */ = {isa = PBXFileReference; lastKnownFileType = sourcecode.c.objc; path = main.m; sourceTree = "<group>"; };
		A4E713AF20E4FFC900637706 /* TableViewCell&CollectionViewCellTests.xctest */ = {isa = PBXFileReference; explicitFileType = wrapper.cfbundle; includeInIndex = 0; path = "TableViewCell&CollectionViewCellTests.xctest"; sourceTree = BUILT_PRODUCTS_DIR; };
		A4E713B320E4FFC900637706 /* TableViewCell_CollectionViewCellTests.m */ = {isa = PBXFileReference; lastKnownFileType = sourcecode.c.objc; path = TableViewCell_CollectionViewCellTests.m; sourceTree = "<group>"; };
		A4E713B520E4FFC900637706 /* Info.plist */ = {isa = PBXFileReference; lastKnownFileType = text.plist.xml; path = Info.plist; sourceTree = "<group>"; };
		A4E713BA20E4FFC900637706 /* TableViewCell&CollectionViewCellUITests.xctest */ = {isa = PBXFileReference; explicitFileType = wrapper.cfbundle; includeInIndex = 0; path = "TableViewCell&CollectionViewCellUITests.xctest"; sourceTree = BUILT_PRODUCTS_DIR; };
		A4E713BE20E4FFC900637706 /* TableViewCell_CollectionViewCellUITests.m */ = {isa = PBXFileReference; lastKnownFileType = sourcecode.c.objc; path = TableViewCell_CollectionViewCellUITests.m; sourceTree = "<group>"; };
		A4E713C020E4FFC900637706 /* Info.plist */ = {isa = PBXFileReference; lastKnownFileType = text.plist.xml; path = Info.plist; sourceTree = "<group>"; };
		A4E713CF20E5003000637706 /* SMRTableViewController.h */ = {isa = PBXFileReference; lastKnownFileType = sourcecode.c.h; path = SMRTableViewController.h; sourceTree = "<group>"; };
		A4E713D020E5003000637706 /* SMRTableViewController.m */ = {isa = PBXFileReference; lastKnownFileType = sourcecode.c.objc; path = SMRTableViewController.m; sourceTree = "<group>"; };
		A4E713D320E500B300637706 /* SMRTableViewCell.h */ = {isa = PBXFileReference; lastKnownFileType = sourcecode.c.h; path = SMRTableViewCell.h; sourceTree = "<group>"; };
		A4E713D420E500B300637706 /* SMRTableViewCell.m */ = {isa = PBXFileReference; lastKnownFileType = sourcecode.c.objc; path = SMRTableViewCell.m; sourceTree = "<group>"; };
		A4E713D520E500B300637706 /* SMRTableViewCell.xib */ = {isa = PBXFileReference; lastKnownFileType = file.xib; path = SMRTableViewCell.xib; sourceTree = "<group>"; };
		A4E713D920E5069B00637706 /* SMRTableViewModel.h */ = {isa = PBXFileReference; lastKnownFileType = sourcecode.c.h; path = SMRTableViewModel.h; sourceTree = "<group>"; };
		A4E713DA20E5069B00637706 /* SMRTableViewModel.m */ = {isa = PBXFileReference; lastKnownFileType = sourcecode.c.objc; path = SMRTableViewModel.m; sourceTree = "<group>"; };
		A4E713DC20E5073C00637706 /* SMRCollectionViewModel.h */ = {isa = PBXFileReference; lastKnownFileType = sourcecode.c.h; path = SMRCollectionViewModel.h; sourceTree = "<group>"; };
		A4E713DD20E5073C00637706 /* SMRCollectionViewModel.m */ = {isa = PBXFileReference; lastKnownFileType = sourcecode.c.objc; path = SMRCollectionViewModel.m; sourceTree = "<group>"; };
		A4E713E020E5084800637706 /* SMRCollectionViewCell.h */ = {isa = PBXFileReference; lastKnownFileType = sourcecode.c.h; path = SMRCollectionViewCell.h; sourceTree = "<group>"; };
		A4E713E120E5084800637706 /* SMRCollectionViewCell.m */ = {isa = PBXFileReference; lastKnownFileType = sourcecode.c.objc; path = SMRCollectionViewCell.m; sourceTree = "<group>"; };
		A4E713E220E5084800637706 /* SMRCollectionViewCell.xib */ = {isa = PBXFileReference; lastKnownFileType = file.xib; path = SMRCollectionViewCell.xib; sourceTree = "<group>"; };
/* End PBXFileReference section */

/* Begin PBXFrameworksBuildPhase section */
		A4E7139420E4FFC700637706 /* Frameworks */ = {
			isa = PBXFrameworksBuildPhase;
			buildActionMask = 2147483647;
			files = (
			);
			runOnlyForDeploymentPostprocessing = 0;
		};
		A4E713AC20E4FFC900637706 /* Frameworks */ = {
			isa = PBXFrameworksBuildPhase;
			buildActionMask = 2147483647;
			files = (
			);
			runOnlyForDeploymentPostprocessing = 0;
		};
		A4E713B720E4FFC900637706 /* Frameworks */ = {
			isa = PBXFrameworksBuildPhase;
			buildActionMask = 2147483647;
			files = (
			);
			runOnlyForDeploymentPostprocessing = 0;
		};
/* End PBXFrameworksBuildPhase section */

/* Begin PBXGroup section */
		A4E7138E20E4FFC700637706 = {
			isa = PBXGroup;
			children = (
				A4E7139920E4FFC700637706 /* TableViewCell&CollectionViewCell */,
				A4E713B220E4FFC900637706 /* TableViewCell&CollectionViewCellTests */,
				A4E713BD20E4FFC900637706 /* TableViewCell&CollectionViewCellUITests */,
				A4E7139820E4FFC700637706 /* Products */,
			);
			sourceTree = "<group>";
		};
		A4E7139820E4FFC700637706 /* Products */ = {
			isa = PBXGroup;
			children = (
				A4E7139720E4FFC700637706 /* TableViewCell&CollectionViewCell.app */,
				A4E713AF20E4FFC900637706 /* TableViewCell&CollectionViewCellTests.xctest */,
				A4E713BA20E4FFC900637706 /* TableViewCell&CollectionViewCellUITests.xctest */,
			);
			name = Products;
			sourceTree = "<group>";
		};
		A4E7139920E4FFC700637706 /* TableViewCell&CollectionViewCell */ = {
			isa = PBXGroup;
			children = (
				A4E713CC20E4FFDD00637706 /* TableViewCell嵌套CollectionViewCell */,
				A4E7139A20E4FFC700637706 /* AppDelegate.h */,
				A4E7139B20E4FFC700637706 /* AppDelegate.m */,
				A4E713A320E4FFC900637706 /* Assets.xcassets */,
				A4E713A520E4FFC900637706 /* LaunchScreen.storyboard */,
				A4E713A820E4FFC900637706 /* Info.plist */,
				A4E713A920E4FFC900637706 /* main.m */,
			);
			path = "TableViewCell&CollectionViewCell";
			sourceTree = "<group>";
		};
		A4E713B220E4FFC900637706 /* TableViewCell&CollectionViewCellTests */ = {
			isa = PBXGroup;
			children = (
				A4E713B320E4FFC900637706 /* TableViewCell_CollectionViewCellTests.m */,
				A4E713B520E4FFC900637706 /* Info.plist */,
			);
			path = "TableViewCell&CollectionViewCellTests";
			sourceTree = "<group>";
		};
		A4E713BD20E4FFC900637706 /* TableViewCell&CollectionViewCellUITests */ = {
			isa = PBXGroup;
			children = (
				A4E713BE20E4FFC900637706 /* TableViewCell_CollectionViewCellUITests.m */,
				A4E713C020E4FFC900637706 /* Info.plist */,
			);
			path = "TableViewCell&CollectionViewCellUITests";
			sourceTree = "<group>";
		};
		A4E713CC20E4FFDD00637706 /* TableViewCell嵌套CollectionViewCell */ = {
			isa = PBXGroup;
			children = (
				A4E713D820E5067A00637706 /* Model */,
				A4E713CE20E5000300637706 /* Cell */,
				A4E713CD20E4FFFC00637706 /* VC */,
			);
			path = "TableViewCell嵌套CollectionViewCell";
			sourceTree = "<group>";
		};
		A4E713CD20E4FFFC00637706 /* VC */ = {
			isa = PBXGroup;
			children = (
				A4E713CF20E5003000637706 /* SMRTableViewController.h */,
				A4E713D020E5003000637706 /* SMRTableViewController.m */,
				A469278F20E61A41004FC185 /* SMRDetailVC.h */,
				A469279020E61A41004FC185 /* SMRDetailVC.m */,
				A469279120E61A41004FC185 /* SMRDetailVC.xib */,
			);
			path = VC;
			sourceTree = "<group>";
		};
		A4E713CE20E5000300637706 /* Cell */ = {
			isa = PBXGroup;
			children = (
				A4E713DF20E5082700637706 /* CollectionViewCell */,
				A4E713D220E5008100637706 /* TableViewCell */,
			);
			path = Cell;
			sourceTree = "<group>";
		};
		A4E713D220E5008100637706 /* TableViewCell */ = {
			isa = PBXGroup;
			children = (
				A4E713D320E500B300637706 /* SMRTableViewCell.h */,
				A4E713D420E500B300637706 /* SMRTableViewCell.m */,
				A4E713D520E500B300637706 /* SMRTableViewCell.xib */,
			);
			path = TableViewCell;
			sourceTree = "<group>";
		};
		A4E713D820E5067A00637706 /* Model */ = {
			isa = PBXGroup;
			children = (
				A4E713D920E5069B00637706 /* SMRTableViewModel.h */,
				A4E713DA20E5069B00637706 /* SMRTableViewModel.m */,
				A4E713DC20E5073C00637706 /* SMRCollectionViewModel.h */,
				A4E713DD20E5073C00637706 /* SMRCollectionViewModel.m */,
				A469279520E61EA1004FC185 /* collectionViewModel.h */,
				A469279420E61EA0004FC185 /* collectionViewModel.m */,
			);
			path = Model;
			sourceTree = "<group>";
		};
		A4E713DF20E5082700637706 /* CollectionViewCell */ = {
			isa = PBXGroup;
			children = (
				A4E713E020E5084800637706 /* SMRCollectionViewCell.h */,
				A4E713E120E5084800637706 /* SMRCollectionViewCell.m */,
				A4E713E220E5084800637706 /* SMRCollectionViewCell.xib */,
			);
			path = CollectionViewCell;
			sourceTree = "<group>";
		};
/* End PBXGroup section */

/* Begin PBXNativeTarget section */
		A4E7139620E4FFC700637706 /* TableViewCell&CollectionViewCell */ = {
			isa = PBXNativeTarget;
			buildConfigurationList = A4E713C320E4FFC900637706 /* Build configuration list for PBXNativeTarget "TableViewCell&CollectionViewCell" */;
			buildPhases = (
				A4E7139320E4FFC700637706 /* Sources */,
				A4E7139420E4FFC700637706 /* Frameworks */,
				A4E7139520E4FFC700637706 /* Resources */,
			);
			buildRules = (
			);
			dependencies = (
			);
			name = "TableViewCell&CollectionViewCell";
			productName = "TableViewCell&CollectionViewCell";
			productReference = A4E7139720E4FFC700637706 /* TableViewCell&CollectionViewCell.app */;
			productType = "com.apple.product-type.application";
		};
		A4E713AE20E4FFC900637706 /* TableViewCell&CollectionViewCellTests */ = {
			isa = PBXNativeTarget;
			buildConfigurationList = A4E713C620E4FFC900637706 /* Build configuration list for PBXNativeTarget "TableViewCell&CollectionViewCellTests" */;
			buildPhases = (
				A4E713AB20E4FFC900637706 /* Sources */,
				A4E713AC20E4FFC900637706 /* Frameworks */,
				A4E713AD20E4FFC900637706 /* Resources */,
			);
			buildRules = (
			);
			dependencies = (
				A4E713B120E4FFC900637706 /* PBXTargetDependency */,
			);
			name = "TableViewCell&CollectionViewCellTests";
			productName = "TableViewCell&CollectionViewCellTests";
			productReference = A4E713AF20E4FFC900637706 /* TableViewCell&CollectionViewCellTests.xctest */;
			productType = "com.apple.product-type.bundle.unit-test";
		};
		A4E713B920E4FFC900637706 /* TableViewCell&CollectionViewCellUITests */ = {
			isa = PBXNativeTarget;
			buildConfigurationList = A4E713C920E4FFC900637706 /* Build configuration list for PBXNativeTarget "TableViewCell&CollectionViewCellUITests" */;
			buildPhases = (
				A4E713B620E4FFC900637706 /* Sources */,
				A4E713B720E4FFC900637706 /* Frameworks */,
				A4E713B820E4FFC900637706 /* Resources */,
			);
			buildRules = (
			);
			dependencies = (
				A4E713BC20E4FFC900637706 /* PBXTargetDependency */,
			);
			name = "TableViewCell&CollectionViewCellUITests";
			productName = "TableViewCell&CollectionViewCellUITests";
			productReference = A4E713BA20E4FFC900637706 /* TableViewCell&CollectionViewCellUITests.xctest */;
			productType = "com.apple.product-type.bundle.ui-testing";
		};
/* End PBXNativeTarget section */

/* Begin PBXProject section */
		A4E7138F20E4FFC700637706 /* Project object */ = {
			isa = PBXProject;
			attributes = {
				LastUpgradeCheck = 0940;
				ORGANIZATIONNAME = "范智超";
				TargetAttributes = {
					A4E7139620E4FFC700637706 = {
						CreatedOnToolsVersion = 9.4.1;
					};
					A4E713AE20E4FFC900637706 = {
						CreatedOnToolsVersion = 9.4.1;
						TestTargetID = A4E7139620E4FFC700637706;
					};
					A4E713B920E4FFC900637706 = {
						CreatedOnToolsVersion = 9.4.1;
						TestTargetID = A4E7139620E4FFC700637706;
					};
				};
			};
			buildConfigurationList = A4E7139220E4FFC700637706 /* Build configuration list for PBXProject "TableViewCell&CollectionViewCell" */;
			compatibilityVersion = "Xcode 9.3";
			developmentRegion = en;
			hasScannedForEncodings = 0;
			knownRegions = (
				en,
				Base,
			);
			mainGroup = A4E7138E20E4FFC700637706;
			productRefGroup = A4E7139820E4FFC700637706 /* Products */;
			projectDirPath = "";
			projectRoot = "";
			targets = (
				A4E7139620E4FFC700637706 /* TableViewCell&CollectionViewCell */,
				A4E713AE20E4FFC900637706 /* TableViewCell&CollectionViewCellTests */,
				A4E713B920E4FFC900637706 /* TableViewCell&CollectionViewCellUITests */,
			);
		};
/* End PBXProject section */

/* Begin PBXResourcesBuildPhase section */
		A4E7139520E4FFC700637706 /* Resources */ = {
			isa = PBXResourcesBuildPhase;
			buildActionMask = 2147483647;
			files = (
				A4E713E420E5084800637706 /* SMRCollectionViewCell.xib in Resources */,
				A469279320E61A41004FC185 /* SMRDetailVC.xib in Resources */,
				A4E713A720E4FFC900637706 /* LaunchScreen.storyboard in Resources */,
				A4E713A420E4FFC900637706 /* Assets.xcassets in Resources */,
				A4E713D720E500B300637706 /* SMRTableViewCell.xib in Resources */,
			);
			runOnlyForDeploymentPostprocessing = 0;
		};
		A4E713AD20E4FFC900637706 /* Resources */ = {
			isa = PBXResourcesBuildPhase;
			buildActionMask = 2147483647;
			files = (
			);
			runOnlyForDeploymentPostprocessing = 0;
		};
		A4E713B820E4FFC900637706 /* Resources */ = {
			isa = PBXResourcesBuildPhase;
			buildActionMask = 2147483647;
			files = (
			);
			runOnlyForDeploymentPostprocessing = 0;
		};
/* End PBXResourcesBuildPhase section */

/* Begin PBXSourcesBuildPhase section */
		A4E7139320E4FFC700637706 /* Sources */ = {
			isa = PBXSourcesBuildPhase;
			buildActionMask = 2147483647;
			files = (
				A4E713E320E5084800637706 /* SMRCollectionViewCell.m in Sources */,
				A4E713D120E5003000637706 /* SMRTableViewController.m in Sources */,
				A4E713AA20E4FFC900637706 /* main.m in Sources */,
				A4E713DB20E5069B00637706 /* SMRTableViewModel.m in Sources */,
				A4E713D620E500B300637706 /* SMRTableViewCell.m in Sources */,
				A469279220E61A41004FC185 /* SMRDetailVC.m in Sources */,
				A4E7139C20E4FFC700637706 /* AppDelegate.m in Sources */,
				A4E713DE20E5073C00637706 /* SMRCollectionViewModel.m in Sources */,
				A469279620E61EA1004FC185 /* collectionViewModel.m in Sources */,
			);
			runOnlyForDeploymentPostprocessing = 0;
		};
		A4E713AB20E4FFC900637706 /* Sources */ = {
			isa = PBXSourcesBuildPhase;
			buildActionMask = 2147483647;
			files = (
				A4E713B420E4FFC900637706 /* TableViewCell_CollectionViewCellTests.m in Sources */,
			);
			runOnlyForDeploymentPostprocessing = 0;
		};
		A4E713B620E4FFC900637706 /* Sources */ = {
			isa = PBXSourcesBuildPhase;
			buildActionMask = 2147483647;
			files = (
				A4E713BF20E4FFC900637706 /* TableViewCell_CollectionViewCellUITests.m in Sources */,
			);
			runOnlyForDeploymentPostprocessing = 0;
		};
/* End PBXSourcesBuildPhase section */

/* Begin PBXTargetDependency section */
		A4E713B120E4FFC900637706 /* PBXTargetDependency */ = {
			isa = PBXTargetDependency;
			target = A4E7139620E4FFC700637706 /* TableViewCell&CollectionViewCell */;
			targetProxy = A4E713B020E4FFC900637706 /* PBXContainerItemProxy */;
		};
		A4E713BC20E4FFC900637706 /* PBXTargetDependency */ = {
			isa = PBXTargetDependency;
			target = A4E7139620E4FFC700637706 /* TableViewCell&CollectionViewCell */;
			targetProxy = A4E713BB20E4FFC900637706 /* PBXContainerItemProxy */;
		};
/* End PBXTargetDependency section */

/* Begin PBXVariantGroup section */
		A4E713A520E4FFC900637706 /* LaunchScreen.storyboard */ = {
			isa = PBXVariantGroup;
			children = (
				A4E713A620E4FFC900637706 /* Base */,
			);
			name = LaunchScreen.storyboard;
			sourceTree = "<group>";
		};
/* End PBXVariantGroup section */

/* Begin XCBuildConfiguration section */
		A4E713C120E4FFC900637706 /* Debug */ = {
			isa = XCBuildConfiguration;
			buildSettings = {
				ALWAYS_SEARCH_USER_PATHS = NO;
				CLANG_ANALYZER_NONNULL = YES;
				CLANG_ANALYZER_NUMBER_OBJECT_CONVERSION = YES_AGGRESSIVE;
				CLANG_CXX_LANGUAGE_STANDARD = "gnu++14";
				CLANG_CXX_LIBRARY = "libc++";
				CLANG_ENABLE_MODULES = YES;
				CLANG_ENABLE_OBJC_ARC = YES;
				CLANG_ENABLE_OBJC_WEAK = YES;
				CLANG_WARN_BLOCK_CAPTURE_AUTORELEASING = YES;
				CLANG_WARN_BOOL_CONVERSION = YES;
				CLANG_WARN_COMMA = YES;
				CLANG_WARN_CONSTANT_CONVERSION = YES;
				CLANG_WARN_DEPRECATED_OBJC_IMPLEMENTATIONS = YES;
				CLANG_WARN_DIRECT_OBJC_ISA_USAGE = YES_ERROR;
				CLANG_WARN_DOCUMENTATION_COMMENTS = YES;
				CLANG_WARN_EMPTY_BODY = YES;
				CLANG_WARN_ENUM_CONVERSION = YES;
				CLANG_WARN_INFINITE_RECURSION = YES;
				CLANG_WARN_INT_CONVERSION = YES;
				CLANG_WARN_NON_LITERAL_NULL_CONVERSION = YES;
				CLANG_WARN_OBJC_IMPLICIT_RETAIN_SELF = YES;
				CLANG_WARN_OBJC_LITERAL_CONVERSION = YES;
				CLANG_WARN_OBJC_ROOT_CLASS = YES_ERROR;
				CLANG_WARN_RANGE_LOOP_ANALYSIS = YES;
				CLANG_WARN_STRICT_PROTOTYPES = YES;
				CLANG_WARN_SUSPICIOUS_MOVE = YES;
				CLANG_WARN_UNGUARDED_AVAILABILITY = YES_AGGRESSIVE;
				CLANG_WARN_UNREACHABLE_CODE = YES;
				CLANG_WARN__DUPLICATE_METHOD_MATCH = YES;
				CODE_SIGN_IDENTITY = "iPhone Developer";
				COPY_PHASE_STRIP = NO;
				DEBUG_INFORMATION_FORMAT = dwarf;
				ENABLE_STRICT_OBJC_MSGSEND = YES;
				ENABLE_TESTABILITY = YES;
				GCC_C_LANGUAGE_STANDARD = gnu11;
				GCC_DYNAMIC_NO_PIC = NO;
				GCC_NO_COMMON_BLOCKS = YES;
				GCC_OPTIMIZATION_LEVEL = 0;
				GCC_PREPROCESSOR_DEFINITIONS = (
					"DEBUG=1",
					"$(inherited)",
				);
				GCC_WARN_64_TO_32_BIT_CONVERSION = YES;
				GCC_WARN_ABOUT_RETURN_TYPE = YES_ERROR;
				GCC_WARN_UNDECLARED_SELECTOR = YES;
				GCC_WARN_UNINITIALIZED_AUTOS = YES_AGGRESSIVE;
				GCC_WARN_UNUSED_FUNCTION = YES;
				GCC_WARN_UNUSED_VARIABLE = YES;
				IPHONEOS_DEPLOYMENT_TARGET = 11.4;
				MTL_ENABLE_DEBUG_INFO = YES;
				ONLY_ACTIVE_ARCH = YES;
				SDKROOT = iphoneos;
			};
			name = Debug;
		};
		A4E713C220E4FFC900637706 /* Release */ = {
			isa = XCBuildConfiguration;
			buildSettings = {
				ALWAYS_SEARCH_USER_PATHS = NO;
				CLANG_ANALYZER_NONNULL = YES;
				CLANG_ANALYZER_NUMBER_OBJECT_CONVERSION = YES_AGGRESSIVE;
				CLANG_CXX_LANGUAGE_STANDARD = "gnu++14";
				CLANG_CXX_LIBRARY = "libc++";
				CLANG_ENABLE_MODULES = YES;
				CLANG_ENABLE_OBJC_ARC = YES;
				CLANG_ENABLE_OBJC_WEAK = YES;
				CLANG_WARN_BLOCK_CAPTURE_AUTORELEASING = YES;
				CLANG_WARN_BOOL_CONVERSION = YES;
				CLANG_WARN_COMMA = YES;
				CLANG_WARN_CONSTANT_CONVERSION = YES;
				CLANG_WARN_DEPRECATED_OBJC_IMPLEMENTATIONS = YES;
				CLANG_WARN_DIRECT_OBJC_ISA_USAGE = YES_ERROR;
				CLANG_WARN_DOCUMENTATION_COMMENTS = YES;
				CLANG_WARN_EMPTY_BODY = YES;
				CLANG_WARN_ENUM_CONVERSION = YES;
				CLANG_WARN_INFINITE_RECURSION = YES;
				CLANG_WARN_INT_CONVERSION = YES;
				CLANG_WARN_NON_LITERAL_NULL_CONVERSION = YES;
				CLANG_WARN_OBJC_IMPLICIT_RETAIN_SELF = YES;
				CLANG_WARN_OBJC_LITERAL_CONVERSION = YES;
				CLANG_WARN_OBJC_ROOT_CLASS = YES_ERROR;
				CLANG_WARN_RANGE_LOOP_ANALYSIS = YES;
				CLANG_WARN_STRICT_PROTOTYPES = YES;
				CLANG_WARN_SUSPICIOUS_MOVE = YES;
				CLANG_WARN_UNGUARDED_AVAILABILITY = YES_AGGRESSIVE;
				CLANG_WARN_UNREACHABLE_CODE = YES;
				CLANG_WARN__DUPLICATE_METHOD_MATCH = YES;
				CODE_SIGN_IDENTITY = "iPhone Developer";
				COPY_PHASE_STRIP = NO;
				DEBUG_INFORMATION_FORMAT = "dwarf-with-dsym";
				ENABLE_NS_ASSERTIONS = NO;
				ENABLE_STRICT_OBJC_MSGSEND = YES;
				GCC_C_LANGUAGE_STANDARD = gnu11;
				GCC_NO_COMMON_BLOCKS = YES;
				GCC_WARN_64_TO_32_BIT_CONVERSION = YES;
				GCC_WARN_ABOUT_RETURN_TYPE = YES_ERROR;
				GCC_WARN_UNDECLARED_SELECTOR = YES;
				GCC_WARN_UNINITIALIZED_AUTOS = YES_AGGRESSIVE;
				GCC_WARN_UNUSED_FUNCTION = YES;
				GCC_WARN_UNUSED_VARIABLE = YES;
				IPHONEOS_DEPLOYMENT_TARGET = 11.4;
				MTL_ENABLE_DEBUG_INFO = NO;
				SDKROOT = iphoneos;
				VALIDATE_PRODUCT = YES;
			};
			name = Release;
		};
		A4E713C420E4FFC900637706 /* Debug */ = {
			isa = XCBuildConfiguration;
			buildSettings = {
				ASSETCATALOG_COMPILER_APPICON_NAME = AppIcon;
				CODE_SIGN_STYLE = Automatic;
				DEVELOPMENT_TEAM = MMDNP9UD87;
				INFOPLIST_FILE = "TableViewCell&CollectionViewCell/Info.plist";
				LD_RUNPATH_SEARCH_PATHS = (
					"$(inherited)",
					"@executable_path/Frameworks",
				);
				PRODUCT_BUNDLE_IDENTIFIER = "com.SiMaiEr.TableViewCell-CollectionViewCell";
				PRODUCT_NAME = "$(TARGET_NAME)";
				TARGETED_DEVICE_FAMILY = "1,2";
			};
			name = Debug;
		};
		A4E713C520E4FFC900637706 /* Release */ = {
			isa = XCBuildConfiguration;
			buildSettings = {
				ASSETCATALOG_COMPILER_APPICON_NAME = AppIcon;
				CODE_SIGN_STYLE = Automatic;
				DEVELOPMENT_TEAM = MMDNP9UD87;
				INFOPLIST_FILE = "TableViewCell&CollectionViewCell/Info.plist";
				LD_RUNPATH_SEARCH_PATHS = (
					"$(inherited)",
					"@executable_path/Frameworks",
				);
				PRODUCT_BUNDLE_IDENTIFIER = "com.SiMaiEr.TableViewCell-CollectionViewCell";
				PRODUCT_NAME = "$(TARGET_NAME)";
				TARGETED_DEVICE_FAMILY = "1,2";
			};
			name = Release;
		};
		A4E713C720E4FFC900637706 /* Debug */ = {
			isa = XCBuildConfiguration;
			buildSettings = {
				BUNDLE_LOADER = "$(TEST_HOST)";
				CODE_SIGN_STYLE = Automatic;
				DEVELOPMENT_TEAM = MMDNP9UD87;
				INFOPLIST_FILE = "TableViewCell&CollectionViewCellTests/Info.plist";
				LD_RUNPATH_SEARCH_PATHS = (
					"$(inherited)",
					"@executable_path/Frameworks",
					"@loader_path/Frameworks",
				);
				PRODUCT_BUNDLE_IDENTIFIER = "com.SiMaiEr.TableViewCell-CollectionViewCellTests";
				PRODUCT_NAME = "$(TARGET_NAME)";
				TARGETED_DEVICE_FAMILY = "1,2";
				TEST_HOST = "$(BUILT_PRODUCTS_DIR)/TableViewCell&CollectionViewCell.app/TableViewCell&CollectionViewCell";
			};
			name = Debug;
		};
		A4E713C820E4FFC900637706 /* Release */ = {
			isa = XCBuildConfiguration;
			buildSettings = {
				BUNDLE_LOADER = "$(TEST_HOST)";
				CODE_SIGN_STYLE = Automatic;
				DEVELOPMENT_TEAM = MMDNP9UD87;
				INFOPLIST_FILE = "TableViewCell&CollectionViewCellTests/Info.plist";
				LD_RUNPATH_SEARCH_PATHS = (
					"$(inherited)",
					"@executable_path/Frameworks",
					"@loader_path/Frameworks",
				);
				PRODUCT_BUNDLE_IDENTIFIER = "com.SiMaiEr.TableViewCell-CollectionViewCellTests";
				PRODUCT_NAME = "$(TARGET_NAME)";
				TARGETED_DEVICE_FAMILY = "1,2";
				TEST_HOST = "$(BUILT_PRODUCTS_DIR)/TableViewCell&CollectionViewCell.app/TableViewCell&CollectionViewCell";
			};
			name = Release;
		};
		A4E713CA20E4FFC900637706 /* Debug */ = {
			isa = XCBuildConfiguration;
			buildSettings = {
				CODE_SIGN_STYLE = Automatic;
				DEVELOPMENT_TEAM = MMDNP9UD87;
				INFOPLIST_FILE = "TableViewCell&CollectionViewCellUITests/Info.plist";
				LD_RUNPATH_SEARCH_PATHS = (
					"$(inherited)",
					"@executable_path/Frameworks",
					"@loader_path/Frameworks",
				);
				PRODUCT_BUNDLE_IDENTIFIER = "com.SiMaiEr.TableViewCell-CollectionViewCellUITests";
				PRODUCT_NAME = "$(TARGET_NAME)";
				TARGETED_DEVICE_FAMILY = "1,2";
				TEST_TARGET_NAME = "TableViewCell&CollectionViewCell";
			};
			name = Debug;
		};
		A4E713CB20E4FFC900637706 /* Release */ = {
			isa = XCBuildConfiguration;
			buildSettings = {
				CODE_SIGN_STYLE = Automatic;
				DEVELOPMENT_TEAM = MMDNP9UD87;
				INFOPLIST_FILE = "TableViewCell&CollectionViewCellUITests/Info.plist";
				LD_RUNPATH_SEARCH_PATHS = (
					"$(inherited)",
					"@executable_path/Frameworks",
					"@loader_path/Frameworks",
				);
				PRODUCT_BUNDLE_IDENTIFIER = "com.SiMaiEr.TableViewCell-CollectionViewCellUITests";
				PRODUCT_NAME = "$(TARGET_NAME)";
				TARGETED_DEVICE_FAMILY = "1,2";
				TEST_TARGET_NAME = "TableViewCell&CollectionViewCell";
			};
			name = Release;
		};
/* End XCBuildConfiguration section */

/* Begin XCConfigurationList section */
		A4E7139220E4FFC700637706 /* Build configuration list for PBXProject "TableViewCell&CollectionViewCell" */ = {
			isa = XCConfigurationList;
			buildConfigurations = (
				A4E713C120E4FFC900637706 /* Debug */,
				A4E713C220E4FFC900637706 /* Release */,
			);
			defaultConfigurationIsVisible = 0;
			defaultConfigurationName = Release;
		};
		A4E713C320E4FFC900637706 /* Build configuration list for PBXNativeTarget "TableViewCell&CollectionViewCell" */ = {
			isa = XCConfigurationList;
			buildConfigurations = (
				A4E713C420E4FFC900637706 /* Debug */,
				A4E713C520E4FFC900637706 /* Release */,
			);
			defaultConfigurationIsVisible = 0;
			defaultConfigurationName = Release;
		};
		A4E713C620E4FFC900637706 /* Build configuration list for PBXNativeTarget "TableViewCell&CollectionViewCellTests" */ = {
			isa = XCConfigurationList;
			buildConfigurations = (
				A4E713C720E4FFC900637706 /* Debug */,
				A4E713C820E4FFC900637706 /* Release */,
			);
			defaultConfigurationIsVisible = 0;
			defaultConfigurationName = Release;
		};
		A4E713C920E4FFC900637706 /* Build configuration list for PBXNativeTarget "TableViewCell&CollectionViewCellUITests" */ = {
			isa = XCConfigurationList;
			buildConfigurations = (
				A4E713CA20E4FFC900637706 /* Debug */,
				A4E713CB20E4FFC900637706 /* Release */,
			);
			defaultConfigurationIsVisible = 0;
			defaultConfigurationName = Release;
		};
/* End XCConfigurationList section */
	};
	rootObject = A4E7138F20E4FFC700637706 /* Project object */;
}
